
Microsoft Visual Studio Solution File, Format Version 12.00
# Visual Studio Version 16
VisualStudioVersion = 16.0.30225.117
MinimumVisualStudioVersion = 10.0.40219.1
Project("{D954291E-2A0B-460D-934E-DC6B0785DB48}") = "TestNativeList2.Shared", "TestNativeList2\TestNativeList2.Shared\TestNativeList2.Shared.shproj", "{6279C845-92F8-4333-AB99-3D213163593C}"
EndProject
Project("{FAE04EC0-301F-11D3-BF4B-00C04F79EFBC}") = "TestNativeList2.Droid", "TestNativeList2\TestNativeList2.Droid\TestNativeList2.Droid.csproj", "{4DECEB1E-D906-420B-964F-95CD6E1D9EE9}"
EndProject
Project("{FAE04EC0-301F-11D3-BF4B-00C04F79EFBC}") = "TestNativeList2.iOS", "TestNativeList2\TestNativeList2.iOS\TestNativeList2.iOS.csproj", "{D1C355C1-4B67-4A6D-9292-D814319101F1}"
EndProject
Project("{FAE04EC0-301F-11D3-BF4B-00C04F79EFBC}") = "TestNativeList2.UWP", "TestNativeList2\TestNativeList2.UWP\TestNativeList2.UWP.csproj", "{8BE4002A-C90D-49F2-BFEC-9E0992A6384A}"
EndProject
Project("{FAE04EC0-301F-11D3-BF4B-00C04F79EFBC}") = "TestNativeList2.Wasm", "TestNativeList2\TestNativeList2.Wasm\TestNativeList2.Wasm.csproj", "{0CC97FCE-6399-4953-A281-EBBA24A2CCF9}"
EndProject
Project("{FAE04EC0-301F-11D3-BF4B-00C04F79EFBC}") = "TestNativeList2.macOS", "TestNativeList2\TestNativeList2.macOS\TestNativeList2.macOS.csproj", "{F24A59FC-7F6A-4790-AC88-8B30966F78B0}"
EndProject
Global
	GlobalSection(SharedMSBuildProjectFiles) = preSolution
		TestNativeList2\TestNativeList2.Shared\TestNativeList2.Shared.projitems*{0cc97fce-6399-4953-a281-ebba24a2ccf9}*SharedItemsImports = 5
		TestNativeList2\TestNativeList2.Shared\TestNativeList2.Shared.projitems*{4deceb1e-d906-420b-964f-95cd6e1d9ee9}*SharedItemsImports = 4
		TestNativeList2\TestNativeList2.Shared\TestNativeList2.Shared.projitems*{6279c845-92f8-4333-ab99-3d213163593c}*SharedItemsImports = 13
		TestNativeList2\TestNativeList2.Shared\TestNativeList2.Shared.projitems*{8be4002a-c90d-49f2-bfec-9e0992a6384a}*SharedItemsImports = 4
		TestNativeList2\TestNativeList2.Shared\TestNativeList2.Shared.projitems*{d1c355c1-4b67-4a6d-9292-d814319101f1}*SharedItemsImports = 4
		TestNativeList2\TestNativeList2.Shared\TestNativeList2.Shared.projitems*{f24a59fc-7f6a-4790-ac88-8b30966f78b0}*SharedItemsImports = 4
	EndGlobalSection
	GlobalSection(SolutionConfigurationPlatforms) = preSolution
		Ad-Hoc|Any CPU = Ad-Hoc|Any CPU
		Ad-Hoc|ARM = Ad-Hoc|ARM
		Ad-Hoc|ARM64 = Ad-Hoc|ARM64
		Ad-Hoc|iPhone = Ad-Hoc|iPhone
		Ad-Hoc|iPhoneSimulator = Ad-Hoc|iPhoneSimulator
		Ad-Hoc|x64 = Ad-Hoc|x64
		Ad-Hoc|x86 = Ad-Hoc|x86
		AppStore|Any CPU = AppStore|Any CPU
		AppStore|ARM = AppStore|ARM
		AppStore|ARM64 = AppStore|ARM64
		AppStore|iPhone = AppStore|iPhone
		AppStore|iPhoneSimulator = AppStore|iPhoneSimulator
		AppStore|x64 = AppStore|x64
		AppStore|x86 = AppStore|x86
		Debug|Any CPU = Debug|Any CPU
		Debug|ARM = Debug|ARM
		Debug|ARM64 = Debug|ARM64
		Debug|iPhone = Debug|iPhone
		Debug|iPhoneSimulator = Debug|iPhoneSimulator
		Debug|x64 = Debug|x64
		Debug|x86 = Debug|x86
		Release|Any CPU = Release|Any CPU
		Release|ARM = Release|ARM
		Release|ARM64 = Release|ARM64
		Release|iPhone = Release|iPhone
		Release|iPhoneSimulator = Release|iPhoneSimulator
		Release|x64 = Release|x64
		Release|x86 = Release|x86
	EndGlobalSection
	GlobalSection(ProjectConfigurationPlatforms) = postSolution
		{4DECEB1E-D906-420B-964F-95CD6E1D9EE9}.Ad-Hoc|Any CPU.ActiveCfg = Release|Any CPU
		{4DECEB1E-D906-420B-964F-95CD6E1D9EE9}.Ad-Hoc|Any CPU.Build.0 = Release|Any CPU
		{4DECEB1E-D906-420B-964F-95CD6E1D9EE9}.Ad-Hoc|Any CPU.Deploy.0 = Release|Any CPU
		{4DECEB1E-D906-420B-964F-95CD6E1D9EE9}.Ad-Hoc|ARM.ActiveCfg = Release|Any CPU
		{4DECEB1E-D906-420B-964F-95CD6E1D9EE9}.Ad-Hoc|ARM.Build.0 = Release|Any CPU
		{4DECEB1E-D906-420B-964F-95CD6E1D9EE9}.Ad-Hoc|ARM.Deploy.0 = Release|Any CPU
		{4DECEB1E-D906-420B-964F-95CD6E1D9EE9}.Ad-Hoc|ARM64.ActiveCfg = Release|Any CPU
		{4DECEB1E-D906-420B-964F-95CD6E1D9EE9}.Ad-Hoc|ARM64.Build.0 = Release|Any CPU
		{4DECEB1E-D906-420B-964F-95CD6E1D9EE9}.Ad-Hoc|ARM64.Deploy.0 = Release|Any CPU
		{4DECEB1E-D906-420B-964F-95CD6E1D9EE9}.Ad-Hoc|iPhone.ActiveCfg = Release|Any CPU
		{4DECEB1E-D906-420B-964F-95CD6E1D9EE9}.Ad-Hoc|iPhone.Build.0 = Release|Any CPU
		{4DECEB1E-D906-420B-964F-95CD6E1D9EE9}.Ad-Hoc|iPhone.Deploy.0 = Release|Any CPU
		{4DECEB1E-D906-420B-964F-95CD6E1D9EE9}.Ad-Hoc|iPhoneSimulator.ActiveCfg = Release|Any CPU
		{4DECEB1E-D906-420B-964F-95CD6E1D9EE9}.Ad-Hoc|iPhoneSimulator.Build.0 = Release|Any CPU
		{4DECEB1E-D906-420B-964F-95CD6E1D9EE9}.Ad-Hoc|iPhoneSimulator.Deploy.0 = Release|Any CPU
		{4DECEB1E-D906-420B-964F-95CD6E1D9EE9}.Ad-Hoc|x64.ActiveCfg = Release|Any CPU
		{4DECEB1E-D906-420B-964F-95CD6E1D9EE9}.Ad-Hoc|x64.Build.0 = Release|Any CPU
		{4DECEB1E-D906-420B-964F-95CD6E1D9EE9}.Ad-Hoc|x64.Deploy.0 = Release|Any CPU
		{4DECEB1E-D906-420B-964F-95CD6E1D9EE9}.Ad-Hoc|x86.ActiveCfg = Release|Any CPU
		{4DECEB1E-D906-420B-964F-95CD6E1D9EE9}.Ad-Hoc|x86.Build.0 = Release|Any CPU
		{4DECEB1E-D906-420B-964F-95CD6E1D9EE9}.Ad-Hoc|x86.Deploy.0 = Release|Any CPU
		{4DECEB1E-D906-420B-964F-95CD6E1D9EE9}.AppStore|Any CPU.ActiveCfg = Release|Any CPU
		{4DECEB1E-D906-420B-964F-95CD6E1D9EE9}.AppStore|Any CPU.Build.0 = Release|Any CPU
		{4DECEB1E-D906-420B-964F-95CD6E1D9EE9}.AppStore|Any CPU.Deploy.0 = Release|Any CPU
		{4DECEB1E-D906-420B-964F-95CD6E1D9EE9}.AppStore|ARM.ActiveCfg = Release|Any CPU
		{4DECEB1E-D906-420B-964F-95CD6E1D9EE9}.AppStore|ARM.Build.0 = Release|Any CPU
		{4DECEB1E-D906-420B-964F-95CD6E1D9EE9}.AppStore|ARM.Deploy.0 = Release|Any CPU
		{4DECEB1E-D906-420B-964F-95CD6E1D9EE9}.AppStore|ARM64.ActiveCfg = Release|Any CPU
		{4DECEB1E-D906-420B-964F-95CD6E1D9EE9}.AppStore|ARM64.Build.0 = Release|Any CPU
		{4DECEB1E-D906-420B-964F-95CD6E1D9EE9}.AppStore|ARM64.Deploy.0 = Release|Any CPU
		{4DECEB1E-D906-420B-964F-95CD6E1D9EE9}.AppStore|iPhone.ActiveCfg = Release|Any CPU
		{4DECEB1E-D906-420B-964F-95CD6E1D9EE9}.AppStore|iPhone.Build.0 = Release|Any CPU
		{4DECEB1E-D906-420B-964F-95CD6E1D9EE9}.AppStore|iPhone.Deploy.0 = Release|Any CPU
		{4DECEB1E-D906-420B-964F-95CD6E1D9EE9}.AppStore|iPhoneSimulator.ActiveCfg = Release|Any CPU
		{4DECEB1E-D906-420B-964F-95CD6E1D9EE9}.AppStore|iPhoneSimulator.Build.0 = Release|Any CPU
		{4DECEB1E-D906-420B-964F-95CD6E1D9EE9}.AppStore|iPhoneSimulator.Deploy.0 = Release|Any CPU
		{4DECEB1E-D906-420B-964F-95CD6E1D9EE9}.AppStore|x64.ActiveCfg = Release|Any CPU
		{4DECEB1E-D906-420B-964F-95CD6E1D9EE9}.AppStore|x64.Build.0 = Release|Any CPU
		{4DECEB1E-D906-420B-964F-95CD6E1D9EE9}.AppStore|x64.Deploy.0 = Release|Any CPU
		{4DECEB1E-D906-420B-964F-95CD6E1D9EE9}.AppStore|x86.ActiveCfg = Release|Any CPU
		{4DECEB1E-D906-420B-964F-95CD6E1D9EE9}.AppStore|x86.Build.0 = Release|Any CPU
		{4DECEB1E-D906-420B-964F-95CD6E1D9EE9}.AppStore|x86.Deploy.0 = Release|Any CPU
		{4DECEB1E-D906-420B-964F-95CD6E1D9EE9}.Debug|Any CPU.ActiveCfg = Debug|Any CPU
		{4DECEB1E-D906-420B-964F-95CD6E1D9EE9}.Debug|Any CPU.Build.0 = Debug|Any CPU
		{4DECEB1E-D906-420B-964F-95CD6E1D9EE9}.Debug|Any CPU.Deploy.0 = Debug|Any CPU
		{4DECEB1E-D906-420B-964F-95CD6E1D9EE9}.Debug|ARM.ActiveCfg = Debug|Any CPU
		{4DECEB1E-D906-420B-964F-95CD6E1D9EE9}.Debug|ARM.Build.0 = Debug|Any CPU
		{4DECEB1E-D906-420B-964F-95CD6E1D9EE9}.Debug|ARM.Deploy.0 = Debug|Any CPU
		{4DECEB1E-D906-420B-964F-95CD6E1D9EE9}.Debug|ARM64.ActiveCfg = Debug|Any CPU
		{4DECEB1E-D906-420B-964F-95CD6E1D9EE9}.Debug|ARM64.Build.0 = Debug|Any CPU
		{4DECEB1E-D906-420B-964F-95CD6E1D9EE9}.Debug|ARM64.Deploy.0 = Debug|Any CPU
		{4DECEB1E-D906-420B-964F-95CD6E1D9EE9}.Debug|iPhone.ActiveCfg = Debug|Any CPU
		{4DECEB1E-D906-420B-964F-95CD6E1D9EE9}.Debug|iPhone.Build.0 = Debug|Any CPU
		{4DECEB1E-D906-420B-964F-95CD6E1D9EE9}.Debug|iPhone.Deploy.0 = Debug|Any CPU
		{4DECEB1E-D906-420B-964F-95CD6E1D9EE9}.Debug|iPhoneSimulator.ActiveCfg = Debug|Any CPU
		{4DECEB1E-D906-420B-964F-95CD6E1D9EE9}.Debug|iPhoneSimulator.Build.0 = Debug|Any CPU
		{4DECEB1E-D906-420B-964F-95CD6E1D9EE9}.Debug|iPhoneSimulator.Deploy.0 = Debug|Any CPU
		{4DECEB1E-D906-420B-964F-95CD6E1D9EE9}.Debug|x64.ActiveCfg = Debug|Any CPU
		{4DECEB1E-D906-420B-964F-95CD6E1D9EE9}.Debug|x64.Build.0 = Debug|Any CPU
		{4DECEB1E-D906-420B-964F-95CD6E1D9EE9}.Debug|x64.Deploy.0 = Debug|Any CPU
		{4DECEB1E-D906-420B-964F-95CD6E1D9EE9}.Debug|x86.ActiveCfg = Debug|Any CPU
		{4DECEB1E-D906-420B-964F-95CD6E1D9EE9}.Debug|x86.Build.0 = Debug|Any CPU
		{4DECEB1E-D906-420B-964F-95CD6E1D9EE9}.Debug|x86.Deploy.0 = Debug|Any CPU
		{4DECEB1E-D906-420B-964F-95CD6E1D9EE9}.Release|Any CPU.ActiveCfg = Release|Any CPU
		{4DECEB1E-D906-420B-964F-95CD6E1D9EE9}.Release|Any CPU.Build.0 = Release|Any CPU
		{4DECEB1E-D906-420B-964F-95CD6E1D9EE9}.Release|Any CPU.Deploy.0 = Release|Any CPU
		{4DECEB1E-D906-420B-964F-95CD6E1D9EE9}.Release|ARM.ActiveCfg = Release|Any CPU
		{4DECEB1E-D906-420B-964F-95CD6E1D9EE9}.Release|ARM.Build.0 = Release|Any CPU
		{4DECEB1E-D906-420B-964F-95CD6E1D9EE9}.Release|ARM.Deploy.0 = Release|Any CPU
		{4DECEB1E-D906-420B-964F-95CD6E1D9EE9}.Release|ARM64.ActiveCfg = Release|Any CPU
		{4DECEB1E-D906-420B-964F-95CD6E1D9EE9}.Release|ARM64.Build.0 = Release|Any CPU
		{4DECEB1E-D906-420B-964F-95CD6E1D9EE9}.Release|ARM64.Deploy.0 = Release|Any CPU
		{4DECEB1E-D906-420B-964F-95CD6E1D9EE9}.Release|iPhone.ActiveCfg = Release|Any CPU
		{4DECEB1E-D906-420B-964F-95CD6E1D9EE9}.Release|iPhone.Build.0 = Release|Any CPU
		{4DECEB1E-D906-420B-964F-95CD6E1D9EE9}.Release|iPhone.Deploy.0 = Release|Any CPU
		{4DECEB1E-D906-420B-964F-95CD6E1D9EE9}.Release|iPhoneSimulator.ActiveCfg = Release|Any CPU
		{4DECEB1E-D906-420B-964F-95CD6E1D9EE9}.Release|iPhoneSimulator.Build.0 = Release|Any CPU
		{4DECEB1E-D906-420B-964F-95CD6E1D9EE9}.Release|iPhoneSimulator.Deploy.0 = Release|Any CPU
		{4DECEB1E-D906-420B-964F-95CD6E1D9EE9}.Release|x64.ActiveCfg = Release|Any CPU
		{4DECEB1E-D906-420B-964F-95CD6E1D9EE9}.Release|x64.Build.0 = Release|Any CPU
		{4DECEB1E-D906-420B-964F-95CD6E1D9EE9}.Release|x64.Deploy.0 = Release|Any CPU
		{4DECEB1E-D906-420B-964F-95CD6E1D9EE9}.Release|x86.ActiveCfg = Release|Any CPU
		{4DECEB1E-D906-420B-964F-95CD6E1D9EE9}.Release|x86.Build.0 = Release|Any CPU
		{4DECEB1E-D906-420B-964F-95CD6E1D9EE9}.Release|x86.Deploy.0 = Release|Any CPU
		{D1C355C1-4B67-4A6D-9292-D814319101F1}.Ad-Hoc|Any CPU.ActiveCfg = Ad-Hoc|iPhone
		{D1C355C1-4B67-4A6D-9292-D814319101F1}.Ad-Hoc|ARM.ActiveCfg = Ad-Hoc|iPhone
		{D1C355C1-4B67-4A6D-9292-D814319101F1}.Ad-Hoc|ARM64.ActiveCfg = Ad-Hoc|iPhone
		{D1C355C1-4B67-4A6D-9292-D814319101F1}.Ad-Hoc|iPhone.ActiveCfg = Ad-Hoc|iPhone
		{D1C355C1-4B67-4A6D-9292-D814319101F1}.Ad-Hoc|iPhone.Build.0 = Ad-Hoc|iPhone
		{D1C355C1-4B67-4A6D-9292-D814319101F1}.Ad-Hoc|iPhoneSimulator.ActiveCfg = Ad-Hoc|iPhoneSimulator
		{D1C355C1-4B67-4A6D-9292-D814319101F1}.Ad-Hoc|iPhoneSimulator.Build.0 = Ad-Hoc|iPhoneSimulator
		{D1C355C1-4B67-4A6D-9292-D814319101F1}.Ad-Hoc|x64.ActiveCfg = Ad-Hoc|iPhone
		{D1C355C1-4B67-4A6D-9292-D814319101F1}.Ad-Hoc|x86.ActiveCfg = Ad-Hoc|iPhone
		{D1C355C1-4B67-4A6D-9292-D814319101F1}.AppStore|Any CPU.ActiveCfg = AppStore|iPhone
		{D1C355C1-4B67-4A6D-9292-D814319101F1}.AppStore|ARM.ActiveCfg = AppStore|iPhone
		{D1C355C1-4B67-4A6D-9292-D814319101F1}.AppStore|ARM64.ActiveCfg = AppStore|iPhone
		{D1C355C1-4B67-4A6D-9292-D814319101F1}.AppStore|iPhone.ActiveCfg = AppStore|iPhone
		{D1C355C1-4B67-4A6D-9292-D814319101F1}.AppStore|iPhone.Build.0 = AppStore|iPhone
		{D1C355C1-4B67-4A6D-9292-D814319101F1}.AppStore|iPhoneSimulator.ActiveCfg = AppStore|iPhoneSimulator
		{D1C355C1-4B67-4A6D-9292-D814319101F1}.AppStore|iPhoneSimulator.Build.0 = AppStore|iPhoneSimulator
		{D1C355C1-4B67-4A6D-9292-D814319101F1}.AppStore|x64.ActiveCfg = AppStore|iPhone
		{D1C355C1-4B67-4A6D-9292-D814319101F1}.AppStore|x86.ActiveCfg = AppStore|iPhone
		{D1C355C1-4B67-4A6D-9292-D814319101F1}.Debug|Any CPU.ActiveCfg = Debug|iPhone
		{D1C355C1-4B67-4A6D-9292-D814319101F1}.Debug|ARM.ActiveCfg = Debug|iPhone
		{D1C355C1-4B67-4A6D-9292-D814319101F1}.Debug|ARM64.ActiveCfg = Debug|iPhone
		{D1C355C1-4B67-4A6D-9292-D814319101F1}.Debug|iPhone.ActiveCfg = Debug|iPhone
		{D1C355C1-4B67-4A6D-9292-D814319101F1}.Debug|iPhone.Build.0 = Debug|iPhone
		{D1C355C1-4B67-4A6D-9292-D814319101F1}.Debug|iPhoneSimulator.ActiveCfg = Debug|iPhoneSimulator
		{D1C355C1-4B67-4A6D-9292-D814319101F1}.Debug|iPhoneSimulator.Build.0 = Debug|iPhoneSimulator
		{D1C355C1-4B67-4A6D-9292-D814319101F1}.Debug|x64.ActiveCfg = Debug|iPhone
		{D1C355C1-4B67-4A6D-9292-D814319101F1}.Debug|x86.ActiveCfg = Debug|iPhone
		{D1C355C1-4B67-4A6D-9292-D814319101F1}.Release|Any CPU.ActiveCfg = Release|iPhone
		{D1C355C1-4B67-4A6D-9292-D814319101F1}.Release|ARM.ActiveCfg = Release|iPhone
		{D1C355C1-4B67-4A6D-9292-D814319101F1}.Release|ARM64.ActiveCfg = Release|iPhone
		{D1C355C1-4B67-4A6D-9292-D814319101F1}.Release|iPhone.ActiveCfg = Release|iPhone
		{D1C355C1-4B67-4A6D-9292-D814319101F1}.Release|iPhone.Build.0 = Release|iPhone
		{D1C355C1-4B67-4A6D-9292-D814319101F1}.Release|iPhoneSimulator.ActiveCfg = Release|iPhoneSimulator
		{D1C355C1-4B67-4A6D-9292-D814319101F1}.Release|iPhoneSimulator.Build.0 = Release|iPhoneSimulator
		{D1C355C1-4B67-4A6D-9292-D814319101F1}.Release|x64.ActiveCfg = Release|iPhone
		{D1C355C1-4B67-4A6D-9292-D814319101F1}.Release|x86.ActiveCfg = Release|iPhone
		{8BE4002A-C90D-49F2-BFEC-9E0992A6384A}.Ad-Hoc|Any CPU.ActiveCfg = Release|x64
		{8BE4002A-C90D-49F2-BFEC-9E0992A6384A}.Ad-Hoc|Any CPU.Build.0 = Release|x64
		{8BE4002A-C90D-49F2-BFEC-9E0992A6384A}.Ad-Hoc|Any CPU.Deploy.0 = Release|x64
		{8BE4002A-C90D-49F2-BFEC-9E0992A6384A}.Ad-Hoc|ARM.ActiveCfg = Release|ARM
		{8BE4002A-C90D-49F2-BFEC-9E0992A6384A}.Ad-Hoc|ARM.Build.0 = Release|ARM
		{8BE4002A-C90D-49F2-BFEC-9E0992A6384A}.Ad-Hoc|ARM.Deploy.0 = Release|ARM
		{8BE4002A-C90D-49F2-BFEC-9E0992A6384A}.Ad-Hoc|ARM64.ActiveCfg = Release|ARM64
		{8BE4002A-C90D-49F2-BFEC-9E0992A6384A}.Ad-Hoc|ARM64.Build.0 = Release|ARM64
		{8BE4002A-C90D-49F2-BFEC-9E0992A6384A}.Ad-Hoc|ARM64.Deploy.0 = Release|ARM64
		{8BE4002A-C90D-49F2-BFEC-9E0992A6384A}.Ad-Hoc|iPhone.ActiveCfg = Release|x64
		{8BE4002A-C90D-49F2-BFEC-9E0992A6384A}.Ad-Hoc|iPhone.Build.0 = Release|x64
		{8BE4002A-C90D-49F2-BFEC-9E0992A6384A}.Ad-Hoc|iPhone.Deploy.0 = Release|x64
		{8BE4002A-C90D-49F2-BFEC-9E0992A6384A}.Ad-Hoc|iPhoneSimulator.ActiveCfg = Release|x64
		{8BE4002A-C90D-49F2-BFEC-9E0992A6384A}.Ad-Hoc|iPhoneSimulator.Build.0 = Release|x64
		{8BE4002A-C90D-49F2-BFEC-9E0992A6384A}.Ad-Hoc|iPhoneSimulator.Deploy.0 = Release|x64
		{8BE4002A-C90D-49F2-BFEC-9E0992A6384A}.Ad-Hoc|x64.ActiveCfg = Release|x64
		{8BE4002A-C90D-49F2-BFEC-9E0992A6384A}.Ad-Hoc|x64.Build.0 = Release|x64
		{8BE4002A-C90D-49F2-BFEC-9E0992A6384A}.Ad-Hoc|x64.Deploy.0 = Release|x64
		{8BE4002A-C90D-49F2-BFEC-9E0992A6384A}.Ad-Hoc|x86.ActiveCfg = Release|x86
		{8BE4002A-C90D-49F2-BFEC-9E0992A6384A}.Ad-Hoc|x86.Build.0 = Release|x86
		{8BE4002A-C90D-49F2-BFEC-9E0992A6384A}.Ad-Hoc|x86.Deploy.0 = Release|x86
		{8BE4002A-C90D-49F2-BFEC-9E0992A6384A}.AppStore|Any CPU.ActiveCfg = Release|x64
		{8BE4002A-C90D-49F2-BFEC-9E0992A6384A}.AppStore|Any CPU.Build.0 = Release|x64
		{8BE4002A-C90D-49F2-BFEC-9E0992A6384A}.AppStore|Any CPU.Deploy.0 = Release|x64
		{8BE4002A-C90D-49F2-BFEC-9E0992A6384A}.AppStore|ARM.ActiveCfg = Release|ARM
		{8BE4002A-C90D-49F2-BFEC-9E0992A6384A}.AppStore|ARM.Build.0 = Release|ARM
		{8BE4002A-C90D-49F2-BFEC-9E0992A6384A}.AppStore|ARM.Deploy.0 = Release|ARM
		{8BE4002A-C90D-49F2-BFEC-9E0992A6384A}.AppStore|ARM64.ActiveCfg = Release|ARM64
		{8BE4002A-C90D-49F2-BFEC-9E0992A6384A}.AppStore|ARM64.Build.0 = Release|ARM64
		{8BE4002A-C90D-49F2-BFEC-9E0992A6384A}.AppStore|ARM64.Deploy.0 = Release|ARM64
		{8BE4002A-C90D-49F2-BFEC-9E0992A6384A}.AppStore|iPhone.ActiveCfg = Release|x64
		{8BE4002A-C90D-49F2-BFEC-9E0992A6384A}.AppStore|iPhone.Build.0 = Release|x64
		{8BE4002A-C90D-49F2-BFEC-9E0992A6384A}.AppStore|iPhone.Deploy.0 = Release|x64
		{8BE4002A-C90D-49F2-BFEC-9E0992A6384A}.AppStore|iPhoneSimulator.ActiveCfg = Release|x64
		{8BE4002A-C90D-49F2-BFEC-9E0992A6384A}.AppStore|iPhoneSimulator.Build.0 = Release|x64
		{8BE4002A-C90D-49F2-BFEC-9E0992A6384A}.AppStore|iPhoneSimulator.Deploy.0 = Release|x64
		{8BE4002A-C90D-49F2-BFEC-9E0992A6384A}.AppStore|x64.ActiveCfg = Release|x64
		{8BE4002A-C90D-49F2-BFEC-9E0992A6384A}.AppStore|x64.Build.0 = Release|x64
		{8BE4002A-C90D-49F2-BFEC-9E0992A6384A}.AppStore|x64.Deploy.0 = Release|x64
		{8BE4002A-C90D-49F2-BFEC-9E0992A6384A}.AppStore|x86.ActiveCfg = Release|x86
		{8BE4002A-C90D-49F2-BFEC-9E0992A6384A}.AppStore|x86.Build.0 = Release|x86
		{8BE4002A-C90D-49F2-BFEC-9E0992A6384A}.AppStore|x86.Deploy.0 = Release|x86
		{8BE4002A-C90D-49F2-BFEC-9E0992A6384A}.Debug|Any CPU.ActiveCfg = Debug|x86
		{8BE4002A-C90D-49F2-BFEC-9E0992A6384A}.Debug|ARM.ActiveCfg = Debug|ARM
		{8BE4002A-C90D-49F2-BFEC-9E0992A6384A}.Debug|ARM.Build.0 = Debug|ARM
		{8BE4002A-C90D-49F2-BFEC-9E0992A6384A}.Debug|ARM.Deploy.0 = Debug|ARM
		{8BE4002A-C90D-49F2-BFEC-9E0992A6384A}.Debug|ARM64.ActiveCfg = Debug|ARM64
		{8BE4002A-C90D-49F2-BFEC-9E0992A6384A}.Debug|ARM64.Build.0 = Debug|ARM64
		{8BE4002A-C90D-49F2-BFEC-9E0992A6384A}.Debug|ARM64.Deploy.0 = Debug|ARM64
		{8BE4002A-C90D-49F2-BFEC-9E0992A6384A}.Debug|iPhone.ActiveCfg = Debug|x86
		{8BE4002A-C90D-49F2-BFEC-9E0992A6384A}.Debug|iPhoneSimulator.ActiveCfg = Debug|x86
		{8BE4002A-C90D-49F2-BFEC-9E0992A6384A}.Debug|x64.ActiveCfg = Debug|x64
		{8BE4002A-C90D-49F2-BFEC-9E0992A6384A}.Debug|x64.Build.0 = Debug|x64
		{8BE4002A-C90D-49F2-BFEC-9E0992A6384A}.Debug|x64.Deploy.0 = Debug|x64
		{8BE4002A-C90D-49F2-BFEC-9E0992A6384A}.Debug|x86.ActiveCfg = Debug|x86
		{8BE4002A-C90D-49F2-BFEC-9E0992A6384A}.Debug|x86.Build.0 = Debug|x86
		{8BE4002A-C90D-49F2-BFEC-9E0992A6384A}.Debug|x86.Deploy.0 = Debug|x86
		{8BE4002A-C90D-49F2-BFEC-9E0992A6384A}.Release|Any CPU.ActiveCfg = Release|x86
		{8BE4002A-C90D-49F2-BFEC-9E0992A6384A}.Release|ARM.ActiveCfg = Release|ARM
		{8BE4002A-C90D-49F2-BFEC-9E0992A6384A}.Release|ARM.Build.0 = Release|ARM
		{8BE4002A-C90D-49F2-BFEC-9E0992A6384A}.Release|ARM.Deploy.0 = Release|ARM
		{8BE4002A-C90D-49F2-BFEC-9E0992A6384A}.Release|ARM64.ActiveCfg = Release|ARM64
		{8BE4002A-C90D-49F2-BFEC-9E0992A6384A}.Release|ARM64.Build.0 = Release|ARM64
		{8BE4002A-C90D-49F2-BFEC-9E0992A6384A}.Release|ARM64.Deploy.0 = Release|ARM64
		{8BE4002A-C90D-49F2-BFEC-9E0992A6384A}.Release|iPhone.ActiveCfg = Release|x86
		{8BE4002A-C90D-49F2-BFEC-9E0992A6384A}.Release|iPhoneSimulator.ActiveCfg = Release|x86
		{8BE4002A-C90D-49F2-BFEC-9E0992A6384A}.Release|x64.ActiveCfg = Release|x64
		{8BE4002A-C90D-49F2-BFEC-9E0992A6384A}.Release|x64.Build.0 = Release|x64
		{8BE4002A-C90D-49F2-BFEC-9E0992A6384A}.Release|x64.Deploy.0 = Release|x64
		{8BE4002A-C90D-49F2-BFEC-9E0992A6384A}.Release|x86.ActiveCfg = Release|x86
		{8BE4002A-C90D-49F2-BFEC-9E0992A6384A}.Release|x86.Build.0 = Release|x86
		{8BE4002A-C90D-49F2-BFEC-9E0992A6384A}.Release|x86.Deploy.0 = Release|x86
		{0CC97FCE-6399-4953-A281-EBBA24A2CCF9}.Ad-Hoc|Any CPU.ActiveCfg = Debug|Any CPU
		{0CC97FCE-6399-4953-A281-EBBA24A2CCF9}.Ad-Hoc|Any CPU.Build.0 = Debug|Any CPU
		{0CC97FCE-6399-4953-A281-EBBA24A2CCF9}.Ad-Hoc|ARM.ActiveCfg = Debug|Any CPU
		{0CC97FCE-6399-4953-A281-EBBA24A2CCF9}.Ad-Hoc|ARM.Build.0 = Debug|Any CPU
		{0CC97FCE-6399-4953-A281-EBBA24A2CCF9}.Ad-Hoc|ARM64.ActiveCfg = Debug|Any CPU
		{0CC97FCE-6399-4953-A281-EBBA24A2CCF9}.Ad-Hoc|ARM64.Build.0 = Debug|Any CPU
		{0CC97FCE-6399-4953-A281-EBBA24A2CCF9}.Ad-Hoc|iPhone.ActiveCfg = Debug|Any CPU
		{0CC97FCE-6399-4953-A281-EBBA24A2CCF9}.Ad-Hoc|iPhone.Build.0 = Debug|Any CPU
		{0CC97FCE-6399-4953-A281-EBBA24A2CCF9}.Ad-Hoc|iPhoneSimulator.ActiveCfg = Debug|Any CPU
		{0CC97FCE-6399-4953-A281-EBBA24A2CCF9}.Ad-Hoc|iPhoneSimulator.Build.0 = Debug|Any CPU
		{0CC97FCE-6399-4953-A281-EBBA24A2CCF9}.Ad-Hoc|x64.ActiveCfg = Debug|Any CPU
		{0CC97FCE-6399-4953-A281-EBBA24A2CCF9}.Ad-Hoc|x64.Build.0 = Debug|Any CPU
		{0CC97FCE-6399-4953-A281-EBBA24A2CCF9}.Ad-Hoc|x86.ActiveCfg = Debug|Any CPU
		{0CC97FCE-6399-4953-A281-EBBA24A2CCF9}.Ad-Hoc|x86.Build.0 = Debug|Any CPU
		{0CC97FCE-6399-4953-A281-EBBA24A2CCF9}.AppStore|Any CPU.ActiveCfg = Debug|Any CPU
		{0CC97FCE-6399-4953-A281-EBBA24A2CCF9}.AppStore|Any CPU.Build.0 = Debug|Any CPU
		{0CC97FCE-6399-4953-A281-EBBA24A2CCF9}.AppStore|ARM.ActiveCfg = Debug|Any CPU
		{0CC97FCE-6399-4953-A281-EBBA24A2CCF9}.AppStore|ARM.Build.0 = Debug|Any CPU
		{0CC97FCE-6399-4953-A281-EBBA24A2CCF9}.AppStore|ARM64.ActiveCfg = Debug|Any CPU
		{0CC97FCE-6399-4953-A281-EBBA24A2CCF9}.AppStore|ARM64.Build.0 = Debug|Any CPU
		{0CC97FCE-6399-4953-A281-EBBA24A2CCF9}.AppStore|iPhone.ActiveCfg = Debug|Any CPU
		{0CC97FCE-6399-4953-A281-EBBA24A2CCF9}.AppStore|iPhone.Build.0 = Debug|Any CPU
		{0CC97FCE-6399-4953-A281-EBBA24A2CCF9}.AppStore|iPhoneSimulator.ActiveCfg = Debug|Any CPU
		{0CC97FCE-6399-4953-A281-EBBA24A2CCF9}.AppStore|iPhoneSimulator.Build.0 = Debug|Any CPU
		{0CC97FCE-6399-4953-A281-EBBA24A2CCF9}.AppStore|x64.ActiveCfg = Debug|Any CPU
		{0CC97FCE-6399-4953-A281-EBBA24A2CCF9}.AppStore|x64.Build.0 = Debug|Any CPU
		{0CC97FCE-6399-4953-A281-EBBA24A2CCF9}.AppStore|x86.ActiveCfg = Debug|Any CPU
		{0CC97FCE-6399-4953-A281-EBBA24A2CCF9}.AppStore|x86.Build.0 = Debug|Any CPU
		{0CC97FCE-6399-4953-A281-EBBA24A2CCF9}.Debug|Any CPU.ActiveCfg = Debug|Any CPU
		{0CC97FCE-6399-4953-A281-EBBA24A2CCF9}.Debug|Any CPU.Build.0 = Debug|Any CPU
		{0CC97FCE-6399-4953-A281-EBBA24A2CCF9}.Debug|ARM.ActiveCfg = Debug|Any CPU
		{0CC97FCE-6399-4953-A281-EBBA24A2CCF9}.Debug|ARM.Build.0 = Debug|Any CPU
		{0CC97FCE-6399-4953-A281-EBBA24A2CCF9}.Debug|ARM64.ActiveCfg = Debug|Any CPU
		{0CC97FCE-6399-4953-A281-EBBA24A2CCF9}.Debug|ARM64.Build.0 = Debug|Any CPU
		{0CC97FCE-6399-4953-A281-EBBA24A2CCF9}.Debug|iPhone.ActiveCfg = Debug|Any CPU
		{0CC97FCE-6399-4953-A281-EBBA24A2CCF9}.Debug|iPhone.Build.0 = Debug|Any CPU
		{0CC97FCE-6399-4953-A281-EBBA24A2CCF9}.Debug|iPhoneSimulator.ActiveCfg = Debug|Any CPU
		{0CC97FCE-6399-4953-A281-EBBA24A2CCF9}.Debug|iPhoneSimulator.Build.0 = Debug|Any CPU
		{0CC97FCE-6399-4953-A281-EBBA24A2CCF9}.Debug|x64.ActiveCfg = Debug|Any CPU
		{0CC97FCE-6399-4953-A281-EBBA24A2CCF9}.Debug|x64.Build.0 = Debug|Any CPU
		{0CC97FCE-6399-4953-A281-EBBA24A2CCF9}.Debug|x86.ActiveCfg = Debug|Any CPU
		{0CC97FCE-6399-4953-A281-EBBA24A2CCF9}.Debug|x86.Build.0 = Debug|Any CPU
		{0CC97FCE-6399-4953-A281-EBBA24A2CCF9}.Release|Any CPU.ActiveCfg = Release|Any CPU
		{0CC97FCE-6399-4953-A281-EBBA24A2CCF9}.Release|Any CPU.Build.0 = Release|Any CPU
		{0CC97FCE-6399-4953-A281-EBBA24A2CCF9}.Release|ARM.ActiveCfg = Release|Any CPU
		{0CC97FCE-6399-4953-A281-EBBA24A2CCF9}.Release|ARM.Build.0 = Release|Any CPU
		{0CC97FCE-6399-4953-A281-EBBA24A2CCF9}.Release|ARM64.ActiveCfg = Release|Any CPU
		{0CC97FCE-6399-4953-A281-EBBA24A2CCF9}.Release|ARM64.Build.0 = Release|Any CPU
		{0CC97FCE-6399-4953-A281-EBBA24A2CCF9}.Release|iPhone.ActiveCfg = Release|Any CPU
		{0CC97FCE-6399-4953-A281-EBBA24A2CCF9}.Release|iPhone.Build.0 = Release|Any CPU
		{0CC97FCE-6399-4953-A281-EBBA24A2CCF9}.Release|iPhoneSimulator.ActiveCfg = Release|Any CPU
		{0CC97FCE-6399-4953-A281-EBBA24A2CCF9}.Release|iPhoneSimulator.Build.0 = Release|Any CPU
		{0CC97FCE-6399-4953-A281-EBBA24A2CCF9}.Release|x64.ActiveCfg = Release|Any CPU
		{0CC97FCE-6399-4953-A281-EBBA24A2CCF9}.Release|x64.Build.0 = Release|Any CPU
		{0CC97FCE-6399-4953-A281-EBBA24A2CCF9}.Release|x86.ActiveCfg = Release|Any CPU
		{0CC97FCE-6399-4953-A281-EBBA24A2CCF9}.Release|x86.Build.0 = Release|Any CPU
		{F24A59FC-7F6A-4790-AC88-8B30966F78B0}.Ad-Hoc|Any CPU.ActiveCfg = Release|iPhoneSimulator
		{F24A59FC-7F6A-4790-AC88-8B30966F78B0}.Ad-Hoc|Any CPU.Build.0 = Release|iPhoneSimulator
		{F24A59FC-7F6A-4790-AC88-8B30966F78B0}.Ad-Hoc|ARM.ActiveCfg = Release|iPhoneSimulator
		{F24A59FC-7F6A-4790-AC88-8B30966F78B0}.Ad-Hoc|ARM.Build.0 = Release|iPhoneSimulator
		{F24A59FC-7F6A-4790-AC88-8B30966F78B0}.Ad-Hoc|ARM64.ActiveCfg = Release|iPhoneSimulator
		{F24A59FC-7F6A-4790-AC88-8B30966F78B0}.Ad-Hoc|ARM64.Build.0 = Release|iPhoneSimulator
		{F24A59FC-7F6A-4790-AC88-8B30966F78B0}.Ad-Hoc|iPhone.ActiveCfg = Release|iPhoneSimulator
		{F24A59FC-7F6A-4790-AC88-8B30966F78B0}.Ad-Hoc|iPhone.Build.0 = Release|iPhoneSimulator
		{F24A59FC-7F6A-4790-AC88-8B30966F78B0}.Ad-Hoc|iPhoneSimulator.ActiveCfg = Release|iPhoneSimulator
		{F24A59FC-7F6A-4790-AC88-8B30966F78B0}.Ad-Hoc|iPhoneSimulator.Build.0 = Release|iPhoneSimulator
		{F24A59FC-7F6A-4790-AC88-8B30966F78B0}.Ad-Hoc|x64.ActiveCfg = Release|iPhoneSimulator
		{F24A59FC-7F6A-4790-AC88-8B30966F78B0}.Ad-Hoc|x64.Build.0 = Release|iPhoneSimulator
		{F24A59FC-7F6A-4790-AC88-8B30966F78B0}.Ad-Hoc|x86.ActiveCfg = Release|iPhoneSimulator
		{F24A59FC-7F6A-4790-AC88-8B30966F78B0}.Ad-Hoc|x86.Build.0 = Release|iPhoneSimulator
		{F24A59FC-7F6A-4790-AC88-8B30966F78B0}.AppStore|Any CPU.ActiveCfg = Release|iPhoneSimulator
		{F24A59FC-7F6A-4790-AC88-8B30966F78B0}.AppStore|Any CPU.Build.0 = Release|iPhoneSimulator
		{F24A59FC-7F6A-4790-AC88-8B30966F78B0}.AppStore|ARM.ActiveCfg = Release|iPhoneSimulator
		{F24A59FC-7F6A-4790-AC88-8B30966F78B0}.AppStore|ARM.Build.0 = Release|iPhoneSimulator
		{F24A59FC-7F6A-4790-AC88-8B30966F78B0}.AppStore|ARM64.ActiveCfg = Release|iPhoneSimulator
		{F24A59FC-7F6A-4790-AC88-8B30966F78B0}.AppStore|ARM64.Build.0 = Release|iPhoneSimulator
		{F24A59FC-7F6A-4790-AC88-8B30966F78B0}.AppStore|iPhone.ActiveCfg = Release|iPhoneSimulator
		{F24A59FC-7F6A-4790-AC88-8B30966F78B0}.AppStore|iPhone.Build.0 = Release|iPhoneSimulator
		{F24A59FC-7F6A-4790-AC88-8B30966F78B0}.AppStore|iPhoneSimulator.ActiveCfg = Release|iPhoneSimulator
		{F24A59FC-7F6A-4790-AC88-8B30966F78B0}.AppStore|iPhoneSimulator.Build.0 = Release|iPhoneSimulator
		{F24A59FC-7F6A-4790-AC88-8B30966F78B0}.AppStore|x64.ActiveCfg = Release|iPhoneSimulator
		{F24A59FC-7F6A-4790-AC88-8B30966F78B0}.AppStore|x64.Build.0 = Release|iPhoneSimulator
		{F24A59FC-7F6A-4790-AC88-8B30966F78B0}.AppStore|x86.ActiveCfg = Release|iPhoneSimulator
		{F24A59FC-7F6A-4790-AC88-8B30966F78B0}.AppStore|x86.Build.0 = Release|iPhoneSimulator
		{F24A59FC-7F6A-4790-AC88-8B30966F78B0}.Debug|Any CPU.ActiveCfg = Debug|iPhoneSimulator
		{F24A59FC-7F6A-4790-AC88-8B30966F78B0}.Debug|ARM.ActiveCfg = Debug|iPhoneSimulator
		{F24A59FC-7F6A-4790-AC88-8B30966F78B0}.Debug|ARM64.ActiveCfg = Debug|iPhoneSimulator
		{F24A59FC-7F6A-4790-AC88-8B30966F78B0}.Debug|iPhone.ActiveCfg = Debug|iPhoneSimulator
		{F24A59FC-7F6A-4790-AC88-8B30966F78B0}.Debug|iPhoneSimulator.ActiveCfg = Debug|iPhoneSimulator
		{F24A59FC-7F6A-4790-AC88-8B30966F78B0}.Debug|iPhoneSimulator.Build.0 = Debug|iPhoneSimulator
		{F24A59FC-7F6A-4790-AC88-8B30966F78B0}.Debug|x64.ActiveCfg = Debug|iPhoneSimulator
		{F24A59FC-7F6A-4790-AC88-8B30966F78B0}.Debug|x86.ActiveCfg = Debug|iPhoneSimulator
		{F24A59FC-7F6A-4790-AC88-8B30966F78B0}.Release|Any CPU.ActiveCfg = Release|iPhoneSimulator
		{F24A59FC-7F6A-4790-AC88-8B30966F78B0}.Release|ARM.ActiveCfg = Release|iPhoneSimulator
		{F24A59FC-7F6A-4790-AC88-8B30966F78B0}.Release|ARM64.ActiveCfg = Release|iPhoneSimulator
		{F24A59FC-7F6A-4790-AC88-8B30966F78B0}.Release|iPhone.ActiveCfg = Release|iPhoneSimulator
		{F24A59FC-7F6A-4790-AC88-8B30966F78B0}.Release|iPhoneSimulator.ActiveCfg = Release|iPhoneSimulator
		{F24A59FC-7F6A-4790-AC88-8B30966F78B0}.Release|iPhoneSimulator.Build.0 = Release|iPhoneSimulator
		{F24A59FC-7F6A-4790-AC88-8B30966F78B0}.Release|x64.ActiveCfg = Release|iPhoneSimulator
		{F24A59FC-7F6A-4790-AC88-8B30966F78B0}.Release|x86.ActiveCfg = Release|iPhoneSimulator
	EndGlobalSection
	GlobalSection(SolutionProperties) = preSolution
		HideSolutionNode = FALSE
	EndGlobalSection
	GlobalSection(ExtensibilityGlobals) = postSolution
		SolutionGuid = {0CA6B41C-9BD8-488D-9000-F92D052EAF7C}
	EndGlobalSection
EndGlobal
